// !$*UTF8*$!
{
	archiveVersion = 1;
	classes = {
	};
	objectVersion = 46;
	objects = {

/* Begin PBXBuildFile section */
		9240D4741EF9225200F54FC3 /* AppDelegate.swift in Sources */ = {isa = PBXBuildFile; fileRef = 9240D4731EF9225200F54FC3 /* AppDelegate.swift */; };
		9240D4761EF9225300F54FC3 /* ViewController.swift in Sources */ = {isa = PBXBuildFile; fileRef = 9240D4751EF9225200F54FC3 /* ViewController.swift */; };
		9240D4791EF9225300F54FC3 /* Main.storyboard in Resources */ = {isa = PBXBuildFile; fileRef = 9240D4771EF9225300F54FC3 /* Main.storyboard */; };
		9240D47B1EF9225300F54FC3 /* Assets.xcassets in Resources */ = {isa = PBXBuildFile; fileRef = 9240D47A1EF9225300F54FC3 /* Assets.xcassets */; };
		9240D47E1EF9225300F54FC3 /* LaunchScreen.storyboard in Resources */ = {isa = PBXBuildFile; fileRef = 9240D47C1EF9225300F54FC3 /* LaunchScreen.storyboard */; };
/* End PBXBuildFile section */

/* Begin PBXFileReference section */
		9240D4701EF9225200F54FC3 /* Shindig.app */ = {isa = PBXFileReference; explicitFileType = wrapper.application; includeInIndex = 0; path = Shindig.app; sourceTree = BUILT_PRODUCTS_DIR; };
		9240D4731EF9225200F54FC3 /* AppDelegate.swift */ = {isa = PBXFileReference; lastKnownFileType = sourcecode.swift; path = AppDelegate.swift; sourceTree = "<group>"; };
		9240D4751EF9225200F54FC3 /* ViewController.swift */ = {isa = PBXFileReference; lastKnownFileType = sourcecode.swift; path = ViewController.swift; sourceTree = "<group>"; };
		9240D4781EF9225300F54FC3 /* Base */ = {isa = PBXFileReference; lastKnownFileType = file.storyboard; name = Base; path = Base.lproj/Main.storyboard; sourceTree = "<group>"; };
		9240D47A1EF9225300F54FC3 /* Assets.xcassets */ = {isa = PBXFileReference; lastKnownFileType = folder.assetcatalog; path = Assets.xcassets; sourceTree = "<group>"; };
		9240D47D1EF9225300F54FC3 /* Base */ = {isa = PBXFileReference; lastKnownFileType = file.storyboard; name = Base; path = Base.lproj/LaunchScreen.storyboard; sourceTree = "<group>"; };
		9240D47F1EF9225300F54FC3 /* Info.plist */ = {isa = PBXFileReference; lastKnownFileType = text.plist.xml; path = Info.plist; sourceTree = "<group>"; };
/* End PBXFileReference section */

/* Begin PBXFrameworksBuildPhase section */
		9240D46D1EF9225200F54FC3 /* Frameworks */ = {
			isa = PBXFrameworksBuildPhase;
			buildActionMask = 2147483647;
			files = (
			);
			runOnlyForDeploymentPostprocessing = 0;
		};
/* End PBXFrameworksBuildPhase section */

/* Begin PBXGroup section */
		9240D4671EF9225200F54FC3 = {
			isa = PBXGroup;
			children = (
				9240D4721EF9225200F54FC3 /* Shindig */,
				9240D4711EF9225200F54FC3 /* Products */,
			);
			sourceTree = "<group>";
		};
		9240D4711EF9225200F54FC3 /* Products */ = {
			isa = PBXGroup;
			children = (
				9240D4701EF9225200F54FC3 /* Shindig.app */,
			);
			name = Products;
			sourceTree = "<group>";
		};
		9240D4721EF9225200F54FC3 /* Shindig */ = {
			isa = PBXGroup;
			children = (
				9240D4731EF9225200F54FC3 /* AppDelegate.swift */,
				9240D4751EF9225200F54FC3 /* ViewController.swift */,
				9240D4771EF9225300F54FC3 /* Main.storyboard */,
				9240D47A1EF9225300F54FC3 /* Assets.xcassets */,
				9240D47C1EF9225300F54FC3 /* LaunchScreen.storyboard */,
				9240D47F1EF9225300F54FC3 /* Info.plist */,
			);
			path = Shindig;
			sourceTree = "<group>";
		};
/* End PBXGroup section */

/* Begin PBXNativeTarget section */
		9240D46F1EF9225200F54FC3 /* Shindig */ = {
			isa = PBXNativeTarget;
			buildConfigurationList = 9240D4821EF9225300F54FC3 /* Build configuration list for PBXNativeTarget "Shindig" */;
			buildPhases = (
				9240D46C1EF9225200F54FC3 /* Sources */,
				9240D46D1EF9225200F54FC3 /* Frameworks */,
				9240D46E1EF9225200F54FC3 /* Resources */,
			);
			buildRules = (
			);
			dependencies = (
			);
			name = Shindig;
			productName = Shindig;
			productReference = 9240D4701EF9225200F54FC3 /* Shindig.app */;
			productType = "com.apple.product-type.application";
		};
/* End PBXNativeTarget section */

/* Begin PBXProject section */
		9240D4681EF9225200F54FC3 /* Project object */ = {
			isa = PBXProject;
			attributes = {
				LastSwiftUpdateCheck = 0830;
				LastUpgradeCheck = 0830;
				ORGANIZATIONNAME = "Ryann Consalo";
				TargetAttributes = {
					9240D46F1EF9225200F54FC3 = {
						CreatedOnToolsVersion = 8.3.2;
						ProvisioningStyle = Automatic;
					};
				};
			};
			buildConfigurationList = 9240D46B1EF9225200F54FC3 /* Build configuration list for PBXProject "Shindig" */;
			compatibilityVersion = "Xcode 3.2";
			developmentRegion = English;
			hasScannedForEncodings = 0;
			knownRegions = (
				en,
				Base,
			);
			mainGroup = 9240D4671EF9225200F54FC3;
			productRefGroup = 9240D4711EF9225200F54FC3 /* Products */;
			projectDirPath = "";
			projectRoot = "";
			targets = (
				9240D46F1EF9225200F54FC3 /* Shindig */,
			);
		};
/* End PBXProject section */

/* Begin PBXResourcesBuildPhase section */
		9240D46E1EF9225200F54FC3 /* Resources */ = {
			isa = PBXResourcesBuildPhase;
			buildActionMask = 2147483647;
			files = (
				9240D47E1EF9225300F54FC3 /* LaunchScreen.storyboard in Resources */,
				9240D47B1EF9225300F54FC3 /* Assets.xcassets in Resources */,
				9240D4791EF9225300F54FC3 /* Main.storyboard in Resources */,
			);
			runOnlyForDeploymentPostprocessing = 0;
		};
/* End PBXResourcesBuildPhase section */

/* Begin PBXSourcesBuildPhase section */
		9240D46C1EF9225200F54FC3 /* Sources */ = {
			isa = PBXSourcesBuildPhase;
			buildActionMask = 2147483647;
			files = (
				9240D4761EF9225300F54FC3 /* ViewController.swift in Sources */,
				9240D4741EF9225200F54FC3 /* AppDelegate.swift in Sources */,
			);
			runOnlyForDeploymentPostprocessing = 0;
		};
/* End PBXSourcesBuildPhase section */

/* Begin PBXVariantGroup section */
		9240D4771EF9225300F54FC3 /* Main.storyboard */ = {
			isa = PBXVariantGroup;
			children = (
				9240D4781EF9225300F54FC3 /* Base */,
			);
			name = Main.storyboard;
			sourceTree = "<group>";
		};
		9240D47C1EF9225300F54FC3 /* LaunchScreen.storyboard */ = {
			isa = PBXVariantGroup;
			children = (
				9240D47D1EF9225300F54FC3 /* Base */,
			);
			name = LaunchScreen.storyboard;
			sourceTree = "<group>";
		};
/* End PBXVariantGroup section */

/* Begin XCBuildConfiguration section */
		9240D4801EF9225300F54FC3 /* Debug */ = {
			isa = XCBuildConfiguration;
			buildSettings = {
				ALWAYS_SEARCH_USER_PATHS = NO;
				CLANG_ANALYZER_NONNULL = YES;
				CLANG_ANALYZER_NUMBER_OBJECT_CONVERSION = YES_AGGRESSIVE;
				CLANG_CXX_LANGUAGE_STANDARD = "gnu++0x";
				CLANG_CXX_LIBRARY = "libc++";
				CLANG_ENABLE_MODULES = YES;
				CLANG_ENABLE_OBJC_ARC = YES;
				CLANG_WARN_BOOL_CONVERSION = YES;
				CLANG_WARN_CONSTANT_CONVERSION = YES;
				CLANG_WARN_DIRECT_OBJC_ISA_USAGE = YES_ERROR;
				CLANG_WARN_DOCUMENTATION_COMMENTS = YES;
				CLANG_WARN_EMPTY_BODY = YES;
				CLANG_WARN_ENUM_CONVERSION = YES;
				CLANG_WARN_INFINITE_RECURSION = YES;
				CLANG_WARN_INT_CONVERSION = YES;
				CLANG_WARN_OBJC_ROOT_CLASS = YES_ERROR;
				CLANG_WARN_SUSPICIOUS_MOVE = YES;
				CLANG_WARN_UNREACHABLE_CODE = YES;
				CLANG_WARN__DUPLICATE_METHOD_MATCH = YES;
				"CODE_SIGN_IDENTITY[sdk=iphoneos*]" = "iPhone Developer";
				COPY_PHASE_STRIP = NO;
				DEBUG_INFORMATION_FORMAT = dwarf;
				ENABLE_STRICT_OBJC_MSGSEND = YES;
				ENABLE_TESTABILITY = YES;
				GCC_C_LANGUAGE_STANDARD = gnu99;
				GCC_DYNAMIC_NO_PIC = NO;
				GCC_NO_COMMON_BLOCKS = YES;
				GCC_OPTIMIZATION_LEVEL = 0;
				GCC_PREPROCESSOR_DEFINITIONS = (
					"DEBUG=1",
					"$(inherited)",
				);
				GCC_WARN_64_TO_32_BIT_CONVERSION = YES;
				GCC_WARN_ABOUT_RETURN_TYPE = YES_ERROR;
				GCC_WARN_UNDECLARED_SELECTOR = YES;
				GCC_WARN_UNINITIALIZED_AUTOS = YES_AGGRESSIVE;
				GCC_WARN_UNUSED_FUNCTION = YES;
				GCC_WARN_UNUSED_VARIABLE = YES;
				IPHONEOS_DEPLOYMENT_TARGET = 10.3;
				MTL_ENABLE_DEBUG_INFO = YES;
				ONLY_ACTIVE_ARCH = YES;
				SDKROOT = iphoneos;
				SWIFT_ACTIVE_COMPILATION_CONDITIONS = DEBUG;
				SWIFT_OPTIMIZATION_LEVEL = "-Onone";
				TARGETED_DEVICE_FAMILY = "1,2";
			};
			name = Debug;
		};
		9240D4811EF9225300F54FC3 /* Release */ = {
			isa = XCBuildConfiguration;
			buildSettings = {
				ALWAYS_SEARCH_USER_PATHS = NO;
				CLANG_ANALYZER_NONNULL = YES;
				CLANG_ANALYZER_NUMBER_OBJECT_CONVERSION = YES_AGGRESSIVE;
				CLANG_CXX_LANGUAGE_STANDARD = "gnu++0x";
				CLANG_CXX_LIBRARY = "libc++";
				CLANG_ENABLE_MODULES = YES;
				CLANG_ENABLE_OBJC_ARC = YES;
				CLANG_WARN_BOOL_CONVERSION = YES;
				CLANG_WARN_CONSTANT_CONVERSION = YES;
				CLANG_WARN_DIRECT_OBJC_ISA_USAGE = YES_ERROR;
				CLANG_WARN_DOCUMENTATION_COMMENTS = YES;
				CLANG_WARN_EMPTY_BODY = YES;
				CLANG_WARN_ENUM_CONVERSION = YES;
				CLANG_WARN_INFINITE_RECURSION = YES;
				CLANG_WARN_INT_CONVERSION = YES;
				CLANG_WARN_OBJC_ROOT_CLASS = YES_ERROR;
				CLANG_WARN_SUSPICIOUS_MOVE = YES;
				CLANG_WARN_UNREACHABLE_CODE = YES;
				CLANG_WARN__DUPLICATE_METHOD_MATCH = YES;
				"CODE_SIGN_IDENTITY[sdk=iphoneos*]" = "iPhone Developer";
				COPY_PHASE_STRIP = NO;
				DEBUG_INFORMATION_FORMAT = "dwarf-with-dsym";
				ENABLE_NS_ASSERTIONS = NO;
				ENABLE_STRICT_OBJC_MSGSEND = YES;
				GCC_C_LANGUAGE_STANDARD = gnu99;
				GCC_NO_COMMON_BLOCKS = YES;
				GCC_WARN_64_TO_32_BIT_CONVERSION = YES;
				GCC_WARN_ABOUT_RETURN_TYPE = YES_ERROR;
				GCC_WARN_UNDECLARED_SELECTOR = YES;
				GCC_WARN_UNINITIALIZED_AUTOS = YES_AGGRESSIVE;
				GCC_WARN_UNUSED_FUNCTION = YES;
				GCC_WARN_UNUSED_VARIABLE = YES;
				IPHONEOS_DEPLOYMENT_TARGET = 10.3;
				MTL_ENABLE_DEBUG_INFO = NO;
				SDKROOT = iphoneos;
				SWIFT_OPTIMIZATION_LEVEL = "-Owholemodule";
				TARGETED_DEVICE_FAMILY = "1,2";
				VALIDATE_PRODUCT = YES;
			};
			name = Release;
		};
		9240D4831EF9225300F54FC3 /* Debug */ = {
			isa = XCBuildConfiguration;
			buildSettings = {
				ASSETCATALOG_COMPILER_APPICON_NAME = AppIcon;
				INFOPLIST_FILE = Shindig/Info.plist;
				LD_RUNPATH_SEARCH_PATHS = "$(inherited) @executable_path/Frameworks";
				PRODUCT_BUNDLE_IDENTIFIER = "Ryann-Consalo.Shindig";
				PRODUCT_NAME = "$(TARGET_NAME)";
				SWIFT_VERSION = 3.0;
			};
			name = Debug;
		};
		9240D4841EF9225300F54FC3 /* Release */ = {
			isa = XCBuildConfiguration;
			buildSettings = {
				ASSETCATALOG_COMPILER_APPICON_NAME = AppIcon;
				INFOPLIST_FILE = Shindig/Info.plist;
				LD_RUNPATH_SEARCH_PATHS = "$(inherited) @executable_path/Frameworks";
				PRODUCT_BUNDLE_IDENTIFIER = "Ryann-Consalo.Shindig";
				PRODUCT_NAME = "$(TARGET_NAME)";
				SWIFT_VERSION = 3.0;
			};
			name = Release;
		};
/* End XCBuildConfiguration section */

/* Begin XCConfigurationList section */
		9240D46B1EF9225200F54FC3 /* Build configuration list for PBXProject "Shindig" */ = {
			isa = XCConfigurationList;
			buildConfigurations = (
				9240D4801EF9225300F54FC3 /* Debug */,
				9240D4811EF9225300F54FC3 /* Release */,
			);
			defaultConfigurationIsVisible = 0;
			defaultConfigurationName = Release;
		};
		9240D4821EF9225300F54FC3 /* Build configuration list for PBXNativeTarget "Shindig" */ = {
			isa = XCConfigurationList;
			buildConfigurations = (
				9240D4831EF9225300F54FC3 /* Debug */,
				9240D4841EF9225300F54FC3 /* Release */,
			);
			defaultConfigurationIsVisible = 0;
		};
/* End XCConfigurationList section */
	};
	rootObject = 9240D4681EF9225200F54FC3 /* Project object */;
}
